// !$*UTF8*$!
{
	archiveVersion = 1;
	classes = {
	};
	objectVersion = 46;
	objects = {

/* Begin PBXBuildFile section */
		AB023EA51A8C506600580A2A /* XWebViewTests.swift in Sources */ = {isa = PBXBuildFile; fileRef = AB023EA41A8C506600580A2A /* XWebViewTests.swift */; };
		AB023EA61A8C506600580A2A /* XWebView.framework in Frameworks */ = {isa = PBXBuildFile; fileRef = EE62683519FA323900EFC3F8 /* XWebView.framework */; };
		AB023EBE1A8C8BC700580A2A /* XWebView.framework in CopyFiles */ = {isa = PBXBuildFile; fileRef = EE62683519FA323900EFC3F8 /* XWebView.framework */; settings = {ATTRIBUTES = (CodeSignOnCopy, RemoveHeadersOnCopy, ); }; };
		AB2273E51AA6FDA700F9207A /* www in Resources */ = {isa = PBXBuildFile; fileRef = AB2273E41AA6FDA700F9207A /* www */; };
		ABD3E8541A8CD08300F2BAB9 /* XWVInventoryTest.swift in Sources */ = {isa = PBXBuildFile; fileRef = ABD3E8531A8CD08300F2BAB9 /* XWVInventoryTest.swift */; };
		ABD3E85E1A8CD49F00F2BAB9 /* XWVInvocationTest.m in Sources */ = {isa = PBXBuildFile; fileRef = ABD3E85D1A8CD49F00F2BAB9 /* XWVInvocationTest.m */; };
		ABD475E31A4129FC00F3BDEB /* XWVInvocation.h in Headers */ = {isa = PBXBuildFile; fileRef = EE62691D19FA52FC00EFC3F8 /* XWVInvocation.h */; settings = {ATTRIBUTES = (Public, ); }; };
		ABF68ECD1A6B45FC0058267B /* XWebView.h in Headers */ = {isa = PBXBuildFile; fileRef = EE62691C19FA52FC00EFC3F8 /* XWebView.h */; settings = {ATTRIBUTES = (Public, ); }; };
		EE0A1DD31A52775400C9E6D3 /* XWVChannel.swift in Sources */ = {isa = PBXBuildFile; fileRef = EE0A1DD21A52775400C9E6D3 /* XWVChannel.swift */; };
		EE0A1DE01A52A5A300C9E6D3 /* XWVStubGenerator.swift in Sources */ = {isa = PBXBuildFile; fileRef = EE0A1DDE1A52A5A300C9E6D3 /* XWVStubGenerator.swift */; };
		EE131CA71B5F900400A9E790 /* XWVUserScript.swift in Sources */ = {isa = PBXBuildFile; fileRef = EE131CA61B5F900400A9E790 /* XWVUserScript.swift */; };
		EE174E451A01FDDE00168D96 /* XWVInventory.swift in Sources */ = {isa = PBXBuildFile; fileRef = EE174E441A01FDDE00168D96 /* XWVInventory.swift */; };
		EE174E781A0361CB00168D96 /* xwebview.js in Resources */ = {isa = PBXBuildFile; fileRef = EE174E771A0361CB00168D96 /* xwebview.js */; };
		EE2F487D1AE4B8F40088AF67 /* ObjectPlugin.swift in Sources */ = {isa = PBXBuildFile; fileRef = EE2F487C1AE4B8F40088AF67 /* ObjectPlugin.swift */; };
		EE2F487F1AE4CD360088AF67 /* FunctionPlugin.swift in Sources */ = {isa = PBXBuildFile; fileRef = EE2F487E1AE4CD360088AF67 /* FunctionPlugin.swift */; };
		EE2F48811AE4CE690088AF67 /* ConstructorPlugin.swift in Sources */ = {isa = PBXBuildFile; fileRef = EE2F48801AE4CE690088AF67 /* ConstructorPlugin.swift */; };
		EE30AAC41AD978DA006010A3 /* XWVLoaderTest.swift in Sources */ = {isa = PBXBuildFile; fileRef = EE30AAC31AD978DA006010A3 /* XWVLoaderTest.swift */; };
		EE3379391AE2E298009124A4 /* XWVTestCase.swift in Sources */ = {isa = PBXBuildFile; fileRef = EE3379381AE2E298009124A4 /* XWVTestCase.swift */; };
		EE33793E1AE56875009124A4 /* XWVScriptObject.swift in Sources */ = {isa = PBXBuildFile; fileRef = EE33793D1AE56875009124A4 /* XWVScriptObject.swift */; };
		EE3379401AE57566009124A4 /* XWVScriptingTest.swift in Sources */ = {isa = PBXBuildFile; fileRef = EE33793F1AE57566009124A4 /* XWVScriptingTest.swift */; };
		EE62692419FA52FC00EFC3F8 /* XWVInvocation.m in Sources */ = {isa = PBXBuildFile; fileRef = EE62691E19FA52FC00EFC3F8 /* XWVInvocation.m */; };
		EE62692619FA52FC00EFC3F8 /* XWebView.swift in Sources */ = {isa = PBXBuildFile; fileRef = EE62692019FA52FC00EFC3F8 /* XWebView.swift */; };
		EE71648F1A716C9F00078FF9 /* XWVHttpConnection.h in Headers */ = {isa = PBXBuildFile; fileRef = EE71648B1A716C9F00078FF9 /* XWVHttpConnection.h */; };
		EE7164901A716C9F00078FF9 /* XWVHttpConnection.m in Sources */ = {isa = PBXBuildFile; fileRef = EE71648C1A716C9F00078FF9 /* XWVHttpConnection.m */; };
		EE7164911A716C9F00078FF9 /* XWVHttpServer.h in Headers */ = {isa = PBXBuildFile; fileRef = EE71648D1A716C9F00078FF9 /* XWVHttpServer.h */; settings = {ATTRIBUTES = (Public, ); }; };
		EE7164921A716C9F00078FF9 /* XWVHttpServer.m in Sources */ = {isa = PBXBuildFile; fileRef = EE71648E1A716C9F00078FF9 /* XWVHttpServer.m */; };
		EE7886761A0D0CE30013A855 /* XWVLoader.swift in Sources */ = {isa = PBXBuildFile; fileRef = EE7886751A0D0CE30013A855 /* XWVLoader.swift */; };
		EE92C65F1B5ACF81000FE1DA /* XWVMetaObject.swift in Sources */ = {isa = PBXBuildFile; fileRef = EE92C65E1B5ACF81000FE1DA /* XWVMetaObject.swift */; };
		EE92C6611B5AD7DB000FE1DA /* XWVMetaObjectTest.swift in Sources */ = {isa = PBXBuildFile; fileRef = EE92C6601B5AD7DB000FE1DA /* XWVMetaObjectTest.swift */; };
		EE92C6621B5AD86E000FE1DA /* XWVMetaObject.swift in Sources */ = {isa = PBXBuildFile; fileRef = EE92C65E1B5ACF81000FE1DA /* XWVMetaObject.swift */; };
		EEE6F9A41AE02CF100A2EC89 /* XWVScripting.swift in Sources */ = {isa = PBXBuildFile; fileRef = EEE6F9A31AE02CF100A2EC89 /* XWVScripting.swift */; };
		EEE6F9A61AE02E8600A2EC89 /* XWVObject.swift in Sources */ = {isa = PBXBuildFile; fileRef = EEE6F9A51AE02E8600A2EC89 /* XWVObject.swift */; };
		EEE6F9A81AE02F5000A2EC89 /* XWVScriptPlugin.swift in Sources */ = {isa = PBXBuildFile; fileRef = EEE6F9A71AE02F5000A2EC89 /* XWVScriptPlugin.swift */; };
		EEF27D551AE8F1F3004740CF /* XWVScripting.swift in Sources */ = {isa = PBXBuildFile; fileRef = EEE6F9A31AE02CF100A2EC89 /* XWVScripting.swift */; };
		EEF27EB71AFA1D89004740CF /* WebKit.framework in Frameworks */ = {isa = PBXBuildFile; fileRef = EEF27EB61AFA1D89004740CF /* WebKit.framework */; };
/* End PBXBuildFile section */

/* Begin PBXContainerItemProxy section */
		AB023EA71A8C506600580A2A /* PBXContainerItemProxy */ = {
			isa = PBXContainerItemProxy;
			containerPortal = EE62682C19FA323900EFC3F8 /* Project object */;
			proxyType = 1;
			remoteGlobalIDString = EE62683419FA323900EFC3F8;
			remoteInfo = XWebView;
		};
/* End PBXContainerItemProxy section */

/* Begin PBXCopyFilesBuildPhase section */
		AB023EBD1A8C8BBE00580A2A /* CopyFiles */ = {
			isa = PBXCopyFilesBuildPhase;
			buildActionMask = 2147483647;
			dstPath = "";
			dstSubfolderSpec = 10;
			files = (
				AB023EBE1A8C8BC700580A2A /* XWebView.framework in CopyFiles */,
			);
			runOnlyForDeploymentPostprocessing = 0;
		};
/* End PBXCopyFilesBuildPhase section */

/* Begin PBXFileReference section */
		AB023EA01A8C506600580A2A /* XWebViewTests.xctest */ = {isa = PBXFileReference; explicitFileType = wrapper.cfbundle; includeInIndex = 0; path = XWebViewTests.xctest; sourceTree = BUILT_PRODUCTS_DIR; };
		AB023EA31A8C506600580A2A /* Info.plist */ = {isa = PBXFileReference; lastKnownFileType = text.plist.xml; path = Info.plist; sourceTree = "<group>"; };
		AB023EA41A8C506600580A2A /* XWebViewTests.swift */ = {isa = PBXFileReference; lastKnownFileType = sourcecode.swift; path = XWebViewTests.swift; sourceTree = "<group>"; };
		AB2273E41AA6FDA700F9207A /* www */ = {isa = PBXFileReference; lastKnownFileType = folder; path = www; sourceTree = "<group>"; };
		ABD3E8531A8CD08300F2BAB9 /* XWVInventoryTest.swift */ = {isa = PBXFileReference; fileEncoding = 4; lastKnownFileType = sourcecode.swift; path = XWVInventoryTest.swift; sourceTree = "<group>"; };
		ABD3E85D1A8CD49F00F2BAB9 /* XWVInvocationTest.m */ = {isa = PBXFileReference; fileEncoding = 4; lastKnownFileType = sourcecode.c.objc; path = XWVInvocationTest.m; sourceTree = "<group>"; };
		EE0A1DD21A52775400C9E6D3 /* XWVChannel.swift */ = {isa = PBXFileReference; fileEncoding = 4; lastKnownFileType = sourcecode.swift; name = XWVChannel.swift; path = XWebView/XWVChannel.swift; sourceTree = "<group>"; };
		EE0A1DDE1A52A5A300C9E6D3 /* XWVStubGenerator.swift */ = {isa = PBXFileReference; fileEncoding = 4; lastKnownFileType = sourcecode.swift; name = XWVStubGenerator.swift; path = XWebView/XWVStubGenerator.swift; sourceTree = "<group>"; };
		EE131CA61B5F900400A9E790 /* XWVUserScript.swift */ = {isa = PBXFileReference; fileEncoding = 4; lastKnownFileType = sourcecode.swift; name = XWVUserScript.swift; path = XWebView/XWVUserScript.swift; sourceTree = "<group>"; };
		EE174E441A01FDDE00168D96 /* XWVInventory.swift */ = {isa = PBXFileReference; fileEncoding = 4; lastKnownFileType = sourcecode.swift; name = XWVInventory.swift; path = XWebView/XWVInventory.swift; sourceTree = "<group>"; };
		EE174E771A0361CB00168D96 /* xwebview.js */ = {isa = PBXFileReference; fileEncoding = 4; lastKnownFileType = sourcecode.javascript; name = xwebview.js; path = XWebView/xwebview.js; sourceTree = "<group>"; };
		EE2F487C1AE4B8F40088AF67 /* ObjectPlugin.swift */ = {isa = PBXFileReference; fileEncoding = 4; lastKnownFileType = sourcecode.swift; path = ObjectPlugin.swift; sourceTree = "<group>"; };
		EE2F487E1AE4CD360088AF67 /* FunctionPlugin.swift */ = {isa = PBXFileReference; fileEncoding = 4; lastKnownFileType = sourcecode.swift; path = FunctionPlugin.swift; sourceTree = "<group>"; };
		EE2F48801AE4CE690088AF67 /* ConstructorPlugin.swift */ = {isa = PBXFileReference; fileEncoding = 4; lastKnownFileType = sourcecode.swift; path = ConstructorPlugin.swift; sourceTree = "<group>"; };
		EE30AAC31AD978DA006010A3 /* XWVLoaderTest.swift */ = {isa = PBXFileReference; fileEncoding = 4; lastKnownFileType = sourcecode.swift; path = XWVLoaderTest.swift; sourceTree = "<group>"; };
		EE3379381AE2E298009124A4 /* XWVTestCase.swift */ = {isa = PBXFileReference; fileEncoding = 4; lastKnownFileType = sourcecode.swift; path = XWVTestCase.swift; sourceTree = "<group>"; };
		EE33793D1AE56875009124A4 /* XWVScriptObject.swift */ = {isa = PBXFileReference; fileEncoding = 4; lastKnownFileType = sourcecode.swift; name = XWVScriptObject.swift; path = XWebView/XWVScriptObject.swift; sourceTree = "<group>"; };
		EE33793F1AE57566009124A4 /* XWVScriptingTest.swift */ = {isa = PBXFileReference; fileEncoding = 4; lastKnownFileType = sourcecode.swift; path = XWVScriptingTest.swift; sourceTree = "<group>"; };
		EE62683519FA323900EFC3F8 /* XWebView.framework */ = {isa = PBXFileReference; explicitFileType = wrapper.framework; includeInIndex = 0; path = XWebView.framework; sourceTree = BUILT_PRODUCTS_DIR; };
		EE62691319FA52D100EFC3F8 /* Info.plist */ = {isa = PBXFileReference; fileEncoding = 4; lastKnownFileType = text.plist.xml; name = Info.plist; path = XWebView/Info.plist; sourceTree = "<group>"; };
		EE62691C19FA52FC00EFC3F8 /* XWebView.h */ = {isa = PBXFileReference; fileEncoding = 4; lastKnownFileType = sourcecode.c.h; name = XWebView.h; path = XWebView/XWebView.h; sourceTree = "<group>"; };
		EE62691D19FA52FC00EFC3F8 /* XWVInvocation.h */ = {isa = PBXFileReference; fileEncoding = 4; lastKnownFileType = sourcecode.c.h; name = XWVInvocation.h; path = XWebView/XWVInvocation.h; sourceTree = "<group>"; };
		EE62691E19FA52FC00EFC3F8 /* XWVInvocation.m */ = {isa = PBXFileReference; fileEncoding = 4; lastKnownFileType = sourcecode.c.objc; name = XWVInvocation.m; path = XWebView/XWVInvocation.m; sourceTree = "<group>"; };
		EE62692019FA52FC00EFC3F8 /* XWebView.swift */ = {isa = PBXFileReference; fileEncoding = 4; lastKnownFileType = sourcecode.swift; name = XWebView.swift; path = XWebView/XWebView.swift; sourceTree = "<group>"; };
		EE71648B1A716C9F00078FF9 /* XWVHttpConnection.h */ = {isa = PBXFileReference; fileEncoding = 4; lastKnownFileType = sourcecode.c.h; name = XWVHttpConnection.h; path = XWebView/XWVHttpConnection.h; sourceTree = "<group>"; };
		EE71648C1A716C9F00078FF9 /* XWVHttpConnection.m */ = {isa = PBXFileReference; fileEncoding = 4; lastKnownFileType = sourcecode.c.objc; name = XWVHttpConnection.m; path = XWebView/XWVHttpConnection.m; sourceTree = "<group>"; };
		EE71648D1A716C9F00078FF9 /* XWVHttpServer.h */ = {isa = PBXFileReference; fileEncoding = 4; lastKnownFileType = sourcecode.c.h; name = XWVHttpServer.h; path = XWebView/XWVHttpServer.h; sourceTree = "<group>"; };
		EE71648E1A716C9F00078FF9 /* XWVHttpServer.m */ = {isa = PBXFileReference; fileEncoding = 4; lastKnownFileType = sourcecode.c.objc; name = XWVHttpServer.m; path = XWebView/XWVHttpServer.m; sourceTree = "<group>"; };
		EE7886751A0D0CE30013A855 /* XWVLoader.swift */ = {isa = PBXFileReference; fileEncoding = 4; lastKnownFileType = sourcecode.swift; name = XWVLoader.swift; path = XWebView/XWVLoader.swift; sourceTree = "<group>"; };
		EE92C65E1B5ACF81000FE1DA /* XWVMetaObject.swift */ = {isa = PBXFileReference; fileEncoding = 4; lastKnownFileType = sourcecode.swift; name = XWVMetaObject.swift; path = XWebView/XWVMetaObject.swift; sourceTree = "<group>"; };
		EE92C6601B5AD7DB000FE1DA /* XWVMetaObjectTest.swift */ = {isa = PBXFileReference; fileEncoding = 4; lastKnownFileType = sourcecode.swift; path = XWVMetaObjectTest.swift; sourceTree = "<group>"; };
		EEE6F9A31AE02CF100A2EC89 /* XWVScripting.swift */ = {isa = PBXFileReference; fileEncoding = 4; lastKnownFileType = sourcecode.swift; name = XWVScripting.swift; path = XWebView/XWVScripting.swift; sourceTree = "<group>"; };
		EEE6F9A51AE02E8600A2EC89 /* XWVObject.swift */ = {isa = PBXFileReference; fileEncoding = 4; lastKnownFileType = sourcecode.swift; name = XWVObject.swift; path = XWebView/XWVObject.swift; sourceTree = "<group>"; };
		EEE6F9A71AE02F5000A2EC89 /* XWVScriptPlugin.swift */ = {isa = PBXFileReference; fileEncoding = 4; lastKnownFileType = sourcecode.swift; name = XWVScriptPlugin.swift; path = XWebView/XWVScriptPlugin.swift; sourceTree = "<group>"; };
		EEF27EB61AFA1D89004740CF /* WebKit.framework */ = {isa = PBXFileReference; lastKnownFileType = wrapper.framework; name = WebKit.framework; path = System/Library/Frameworks/WebKit.framework; sourceTree = SDKROOT; };
/* End PBXFileReference section */

/* Begin PBXFrameworksBuildPhase section */
		AB023E9D1A8C506600580A2A /* Frameworks */ = {
			isa = PBXFrameworksBuildPhase;
			buildActionMask = 2147483647;
			files = (
				AB023EA61A8C506600580A2A /* XWebView.framework in Frameworks */,
			);
			runOnlyForDeploymentPostprocessing = 0;
		};
		EE62683119FA323900EFC3F8 /* Frameworks */ = {
			isa = PBXFrameworksBuildPhase;
			buildActionMask = 2147483647;
			files = (
				EEF27EB71AFA1D89004740CF /* WebKit.framework in Frameworks */,
			);
			runOnlyForDeploymentPostprocessing = 0;
		};
/* End PBXFrameworksBuildPhase section */

/* Begin PBXGroup section */
		AB023EA11A8C506600580A2A /* XWebViewTests */ = {
			isa = PBXGroup;
			children = (
				AB2273E41AA6FDA700F9207A /* www */,
				ABD3E85D1A8CD49F00F2BAB9 /* XWVInvocationTest.m */,
				EE3379381AE2E298009124A4 /* XWVTestCase.swift */,
				EE33793F1AE57566009124A4 /* XWVScriptingTest.swift */,
				EE2F487C1AE4B8F40088AF67 /* ObjectPlugin.swift */,
				EE2F487E1AE4CD360088AF67 /* FunctionPlugin.swift */,
				EE2F48801AE4CE690088AF67 /* ConstructorPlugin.swift */,
				AB023EA41A8C506600580A2A /* XWebViewTests.swift */,
				ABD3E8531A8CD08300F2BAB9 /* XWVInventoryTest.swift */,
				EE30AAC31AD978DA006010A3 /* XWVLoaderTest.swift */,
				AB023EA21A8C506600580A2A /* Supporting Files */,
				EE92C6601B5AD7DB000FE1DA /* XWVMetaObjectTest.swift */,
			);
			path = XWebViewTests;
			sourceTree = "<group>";
		};
		AB023EA21A8C506600580A2A /* Supporting Files */ = {
			isa = PBXGroup;
			children = (
				AB023EA31A8C506600580A2A /* Info.plist */,
			);
			name = "Supporting Files";
			sourceTree = "<group>";
		};
		EE62682B19FA323900EFC3F8 = {
			isa = PBXGroup;
			children = (
				EEF27EB61AFA1D89004740CF /* WebKit.framework */,
				EE62683719FA323900EFC3F8 /* XWebView */,
				AB023EA11A8C506600580A2A /* XWebViewTests */,
				EE62683619FA323900EFC3F8 /* Products */,
			);
			sourceTree = "<group>";
		};
		EE62683619FA323900EFC3F8 /* Products */ = {
			isa = PBXGroup;
			children = (
				EE62683519FA323900EFC3F8 /* XWebView.framework */,
				AB023EA01A8C506600580A2A /* XWebViewTests.xctest */,
			);
			name = Products;
			sourceTree = "<group>";
		};
		EE62683719FA323900EFC3F8 /* XWebView */ = {
			isa = PBXGroup;
			children = (
				EE131CA61B5F900400A9E790 /* XWVUserScript.swift */,
				EE92C65E1B5ACF81000FE1DA /* XWVMetaObject.swift */,
				EE71648B1A716C9F00078FF9 /* XWVHttpConnection.h */,
				EE71648C1A716C9F00078FF9 /* XWVHttpConnection.m */,
				EE71648D1A716C9F00078FF9 /* XWVHttpServer.h */,
				EE71648E1A716C9F00078FF9 /* XWVHttpServer.m */,
				EE62691C19FA52FC00EFC3F8 /* XWebView.h */,
				EE0A1DDE1A52A5A300C9E6D3 /* XWVStubGenerator.swift */,
				EE0A1DD21A52775400C9E6D3 /* XWVChannel.swift */,
				EE62692019FA52FC00EFC3F8 /* XWebView.swift */,
				EE174E441A01FDDE00168D96 /* XWVInventory.swift */,
				EE7886751A0D0CE30013A855 /* XWVLoader.swift */,
				EE174E771A0361CB00168D96 /* xwebview.js */,
				EE62691D19FA52FC00EFC3F8 /* XWVInvocation.h */,
				EE62691E19FA52FC00EFC3F8 /* XWVInvocation.m */,
				EEE6F9A31AE02CF100A2EC89 /* XWVScripting.swift */,
				EEE6F9A51AE02E8600A2EC89 /* XWVObject.swift */,
				EE33793D1AE56875009124A4 /* XWVScriptObject.swift */,
				EEE6F9A71AE02F5000A2EC89 /* XWVScriptPlugin.swift */,
				EE62683819FA323900EFC3F8 /* Supporting Files */,
			);
			name = XWebView;
			sourceTree = SOURCE_ROOT;
		};
		EE62683819FA323900EFC3F8 /* Supporting Files */ = {
			isa = PBXGroup;
			children = (
				EE62691319FA52D100EFC3F8 /* Info.plist */,
			);
			name = "Supporting Files";
			sourceTree = "<group>";
		};
/* End PBXGroup section */

/* Begin PBXHeadersBuildPhase section */
		EE62683219FA323900EFC3F8 /* Headers */ = {
			isa = PBXHeadersBuildPhase;
			buildActionMask = 2147483647;
			files = (
				ABF68ECD1A6B45FC0058267B /* XWebView.h in Headers */,
				ABD475E31A4129FC00F3BDEB /* XWVInvocation.h in Headers */,
				EE7164911A716C9F00078FF9 /* XWVHttpServer.h in Headers */,
				EE71648F1A716C9F00078FF9 /* XWVHttpConnection.h in Headers */,
			);
			runOnlyForDeploymentPostprocessing = 0;
		};
/* End PBXHeadersBuildPhase section */

/* Begin PBXNativeTarget section */
		AB023E9F1A8C506600580A2A /* XWebViewTests */ = {
			isa = PBXNativeTarget;
			buildConfigurationList = AB023EAB1A8C506600580A2A /* Build configuration list for PBXNativeTarget "XWebViewTests" */;
			buildPhases = (
				AB023E9C1A8C506600580A2A /* Sources */,
				AB023E9D1A8C506600580A2A /* Frameworks */,
				AB023E9E1A8C506600580A2A /* Resources */,
				AB023EBD1A8C8BBE00580A2A /* CopyFiles */,
			);
			buildRules = (
			);
			dependencies = (
				AB023EA81A8C506600580A2A /* PBXTargetDependency */,
			);
			name = XWebViewTests;
			productName = XWebViewTests;
			productReference = AB023EA01A8C506600580A2A /* XWebViewTests.xctest */;
			productType = "com.apple.product-type.bundle.unit-test";
		};
		EE62683419FA323900EFC3F8 /* XWebView */ = {
			isa = PBXNativeTarget;
			buildConfigurationList = EE62684B19FA323900EFC3F8 /* Build configuration list for PBXNativeTarget "XWebView" */;
			buildPhases = (
				EE62683019FA323900EFC3F8 /* Sources */,
				EE62683119FA323900EFC3F8 /* Frameworks */,
				EE62683219FA323900EFC3F8 /* Headers */,
				EE62683319FA323900EFC3F8 /* Resources */,
			);
			buildRules = (
			);
			dependencies = (
			);
			name = XWebView;
			productName = XWebView;
			productReference = EE62683519FA323900EFC3F8 /* XWebView.framework */;
			productType = "com.apple.product-type.framework";
		};
/* End PBXNativeTarget section */

/* Begin PBXProject section */
		EE62682C19FA323900EFC3F8 /* Project object */ = {
			isa = PBXProject;
			attributes = {
				LastUpgradeCheck = 0610;
				ORGANIZATIONNAME = XWebView;
				TargetAttributes = {
					AB023E9F1A8C506600580A2A = {
						CreatedOnToolsVersion = 6.1;
					};
					EE62683419FA323900EFC3F8 = {
						CreatedOnToolsVersion = 6.1;
					};
				};
			};
			buildConfigurationList = EE62682F19FA323900EFC3F8 /* Build configuration list for PBXProject "XWebView" */;
			compatibilityVersion = "Xcode 3.2";
			developmentRegion = English;
			hasScannedForEncodings = 0;
			knownRegions = (
				en,
				Base,
			);
			mainGroup = EE62682B19FA323900EFC3F8;
			productRefGroup = EE62683619FA323900EFC3F8 /* Products */;
			projectDirPath = "";
			projectRoot = "";
			targets = (
				EE62683419FA323900EFC3F8 /* XWebView */,
				AB023E9F1A8C506600580A2A /* XWebViewTests */,
			);
		};
/* End PBXProject section */

/* Begin PBXResourcesBuildPhase section */
		AB023E9E1A8C506600580A2A /* Resources */ = {
			isa = PBXResourcesBuildPhase;
			buildActionMask = 2147483647;
			files = (
				AB2273E51AA6FDA700F9207A /* www in Resources */,
			);
			runOnlyForDeploymentPostprocessing = 0;
		};
		EE62683319FA323900EFC3F8 /* Resources */ = {
			isa = PBXResourcesBuildPhase;
			buildActionMask = 2147483647;
			files = (
				EE174E781A0361CB00168D96 /* xwebview.js in Resources */,
			);
			runOnlyForDeploymentPostprocessing = 0;
		};
/* End PBXResourcesBuildPhase section */

/* Begin PBXSourcesBuildPhase section */
		AB023E9C1A8C506600580A2A /* Sources */ = {
			isa = PBXSourcesBuildPhase;
			buildActionMask = 2147483647;
			files = (
				ABD3E85E1A8CD49F00F2BAB9 /* XWVInvocationTest.m in Sources */,
				EEF27D551AE8F1F3004740CF /* XWVScripting.swift in Sources */,
				EE3379391AE2E298009124A4 /* XWVTestCase.swift in Sources */,
				ABD3E8541A8CD08300F2BAB9 /* XWVInventoryTest.swift in Sources */,
				EE30AAC41AD978DA006010A3 /* XWVLoaderTest.swift in Sources */,
				AB023EA51A8C506600580A2A /* XWebViewTests.swift in Sources */,
				EE3379401AE57566009124A4 /* XWVScriptingTest.swift in Sources */,
				EE92C6621B5AD86E000FE1DA /* XWVMetaObject.swift in Sources */,
				EE2F487F1AE4CD360088AF67 /* FunctionPlugin.swift in Sources */,
				EE92C6611B5AD7DB000FE1DA /* XWVMetaObjectTest.swift in Sources */,
				EE2F487D1AE4B8F40088AF67 /* ObjectPlugin.swift in Sources */,
				EE2F48811AE4CE690088AF67 /* ConstructorPlugin.swift in Sources */,
			);
			runOnlyForDeploymentPostprocessing = 0;
		};
		EE62683019FA323900EFC3F8 /* Sources */ = {
			isa = PBXSourcesBuildPhase;
			buildActionMask = 2147483647;
			files = (
				EEE6F9A41AE02CF100A2EC89 /* XWVScripting.swift in Sources */,
				EE7886761A0D0CE30013A855 /* XWVLoader.swift in Sources */,
				EE0A1DE01A52A5A300C9E6D3 /* XWVStubGenerator.swift in Sources */,
				EE174E451A01FDDE00168D96 /* XWVInventory.swift in Sources */,
				EEE6F9A81AE02F5000A2EC89 /* XWVScriptPlugin.swift in Sources */,
				EE131CA71B5F900400A9E790 /* XWVUserScript.swift in Sources */,
				EE7164921A716C9F00078FF9 /* XWVHttpServer.m in Sources */,
				EE92C65F1B5ACF81000FE1DA /* XWVMetaObject.swift in Sources */,
				EEE6F9A61AE02E8600A2EC89 /* XWVObject.swift in Sources */,
				EE62692419FA52FC00EFC3F8 /* XWVInvocation.m in Sources */,
				EE33793E1AE56875009124A4 /* XWVScriptObject.swift in Sources */,
				EE0A1DD31A52775400C9E6D3 /* XWVChannel.swift in Sources */,
				EE62692619FA52FC00EFC3F8 /* XWebView.swift in Sources */,
				EE7164901A716C9F00078FF9 /* XWVHttpConnection.m in Sources */,
			);
			runOnlyForDeploymentPostprocessing = 0;
		};
/* End PBXSourcesBuildPhase section */

/* Begin PBXTargetDependency section */
		AB023EA81A8C506600580A2A /* PBXTargetDependency */ = {
			isa = PBXTargetDependency;
			target = EE62683419FA323900EFC3F8 /* XWebView */;
			targetProxy = AB023EA71A8C506600580A2A /* PBXContainerItemProxy */;
		};
/* End PBXTargetDependency section */

/* Begin XCBuildConfiguration section */
		AB023EA91A8C506600580A2A /* Debug */ = {
			isa = XCBuildConfiguration;
			buildSettings = {
				CLANG_ENABLE_MODULES = YES;
				FRAMEWORK_SEARCH_PATHS = (
					"$(SDKROOT)/Developer/Library/Frameworks",
					"$(inherited)",
				);
				GCC_PREPROCESSOR_DEFINITIONS = (
					"DEBUG=1",
					"$(inherited)",
				);
				INFOPLIST_FILE = XWebViewTests/Info.plist;
				LD_RUNPATH_SEARCH_PATHS = "$(inherited) @executable_path/Frameworks @loader_path/Frameworks";
				PRODUCT_NAME = "$(TARGET_NAME)";
				SWIFT_OPTIMIZATION_LEVEL = "-Onone";
			};
			name = Debug;
		};
		AB023EAA1A8C506600580A2A /* Release */ = {
			isa = XCBuildConfiguration;
			buildSettings = {
				CLANG_ENABLE_MODULES = YES;
				FRAMEWORK_SEARCH_PATHS = (
					"$(SDKROOT)/Developer/Library/Frameworks",
					"$(inherited)",
				);
				INFOPLIST_FILE = XWebViewTests/Info.plist;
				LD_RUNPATH_SEARCH_PATHS = "$(inherited) @executable_path/Frameworks @loader_path/Frameworks";
				PRODUCT_NAME = "$(TARGET_NAME)";
			};
			name = Release;
		};
		EE62684919FA323900EFC3F8 /* Debug */ = {
			isa = XCBuildConfiguration;
			buildSettings = {
				ALWAYS_SEARCH_USER_PATHS = NO;
				CLANG_CXX_LANGUAGE_STANDARD = "gnu++0x";
				CLANG_CXX_LIBRARY = "libc++";
				CLANG_ENABLE_MODULES = YES;
				CLANG_ENABLE_OBJC_ARC = YES;
				CLANG_WARN_BOOL_CONVERSION = YES;
				CLANG_WARN_CONSTANT_CONVERSION = YES;
				CLANG_WARN_DIRECT_OBJC_ISA_USAGE = YES_ERROR;
				CLANG_WARN_EMPTY_BODY = YES;
				CLANG_WARN_ENUM_CONVERSION = YES;
				CLANG_WARN_INT_CONVERSION = YES;
				CLANG_WARN_OBJC_ROOT_CLASS = YES_ERROR;
				CLANG_WARN_UNREACHABLE_CODE = YES;
				CLANG_WARN__DUPLICATE_METHOD_MATCH = YES;
				"CODE_SIGN_IDENTITY[sdk=iphoneos*]" = "iPhone Developer";
				COPY_PHASE_STRIP = NO;
				CURRENT_PROJECT_VERSION = 1;
				ENABLE_STRICT_OBJC_MSGSEND = YES;
				GCC_C_LANGUAGE_STANDARD = gnu99;
				GCC_DYNAMIC_NO_PIC = NO;
				GCC_OPTIMIZATION_LEVEL = 0;
				GCC_PREPROCESSOR_DEFINITIONS = (
					"DEBUG=1",
					"$(inherited)",
				);
				GCC_SYMBOLS_PRIVATE_EXTERN = NO;
				GCC_WARN_64_TO_32_BIT_CONVERSION = YES;
				GCC_WARN_ABOUT_RETURN_TYPE = YES_ERROR;
				GCC_WARN_UNDECLARED_SELECTOR = YES;
				GCC_WARN_UNINITIALIZED_AUTOS = YES_AGGRESSIVE;
				GCC_WARN_UNUSED_FUNCTION = YES;
				GCC_WARN_UNUSED_VARIABLE = YES;
				IPHONEOS_DEPLOYMENT_TARGET = 8.0;
				MTL_ENABLE_DEBUG_INFO = YES;
				ONLY_ACTIVE_ARCH = YES;
				SDKROOT = iphoneos;
				SWIFT_OPTIMIZATION_LEVEL = "-Onone";
				TARGETED_DEVICE_FAMILY = "1,2";
				VERSIONING_SYSTEM = "apple-generic";
				VERSION_INFO_PREFIX = "";
			};
			name = Debug;
		};
		EE62684A19FA323900EFC3F8 /* Release */ = {
			isa = XCBuildConfiguration;
			buildSettings = {
				ALWAYS_SEARCH_USER_PATHS = NO;
				CLANG_CXX_LANGUAGE_STANDARD = "gnu++0x";
				CLANG_CXX_LIBRARY = "libc++";
				CLANG_ENABLE_MODULES = YES;
				CLANG_ENABLE_OBJC_ARC = YES;
				CLANG_WARN_BOOL_CONVERSION = YES;
				CLANG_WARN_CONSTANT_CONVERSION = YES;
				CLANG_WARN_DIRECT_OBJC_ISA_USAGE = YES_ERROR;
				CLANG_WARN_EMPTY_BODY = YES;
				CLANG_WARN_ENUM_CONVERSION = YES;
				CLANG_WARN_INT_CONVERSION = YES;
				CLANG_WARN_OBJC_ROOT_CLASS = YES_ERROR;
				CLANG_WARN_UNREACHABLE_CODE = YES;
				CLANG_WARN__DUPLICATE_METHOD_MATCH = YES;
				"CODE_SIGN_IDENTITY[sdk=iphoneos*]" = "iPhone Developer";
				COPY_PHASE_STRIP = YES;
				CURRENT_PROJECT_VERSION = 1;
				ENABLE_NS_ASSERTIONS = NO;
				ENABLE_STRICT_OBJC_MSGSEND = YES;
				GCC_C_LANGUAGE_STANDARD = gnu99;
				GCC_WARN_64_TO_32_BIT_CONVERSION = YES;
				GCC_WARN_ABOUT_RETURN_TYPE = YES_ERROR;
				GCC_WARN_UNDECLARED_SELECTOR = YES;
				GCC_WARN_UNINITIALIZED_AUTOS = YES_AGGRESSIVE;
				GCC_WARN_UNUSED_FUNCTION = YES;
				GCC_WARN_UNUSED_VARIABLE = YES;
				IPHONEOS_DEPLOYMENT_TARGET = 8.0;
				MTL_ENABLE_DEBUG_INFO = NO;
				SDKROOT = iphoneos;
				TARGETED_DEVICE_FAMILY = "1,2";
				VALIDATE_PRODUCT = YES;
				VERSIONING_SYSTEM = "apple-generic";
				VERSION_INFO_PREFIX = "";
			};
			name = Release;
		};
		EE62684C19FA323900EFC3F8 /* Debug */ = {
			isa = XCBuildConfiguration;
			buildSettings = {
				DEFINES_MODULE = YES;
				DYLIB_COMPATIBILITY_VERSION = 1;
				DYLIB_CURRENT_VERSION = 1;
				DYLIB_INSTALL_NAME_BASE = "@rpath";
				INFOPLIST_FILE = XWebView/Info.plist;
				INSTALL_PATH = "$(LOCAL_LIBRARY_DIR)/Frameworks";
				LD_RUNPATH_SEARCH_PATHS = "$(inherited) @executable_path/Frameworks @loader_path/Frameworks";
				PRODUCT_NAME = "$(TARGET_NAME)";
				SKIP_INSTALL = YES;
			};
			name = Debug;
		};
		EE62684D19FA323900EFC3F8 /* Release */ = {
			isa = XCBuildConfiguration;
			buildSettings = {
				DEFINES_MODULE = YES;
				DYLIB_COMPATIBILITY_VERSION = 1;
				DYLIB_CURRENT_VERSION = 1;
				DYLIB_INSTALL_NAME_BASE = "@rpath";
				INFOPLIST_FILE = XWebView/Info.plist;
				INSTALL_PATH = "$(LOCAL_LIBRARY_DIR)/Frameworks";
				LD_RUNPATH_SEARCH_PATHS = "$(inherited) @executable_path/Frameworks @loader_path/Frameworks";
				PRODUCT_NAME = "$(TARGET_NAME)";
				SKIP_INSTALL = YES;
			};
			name = Release;
		};
/* End XCBuildConfiguration section */

/* Begin XCConfigurationList section */
		AB023EAB1A8C506600580A2A /* Build configuration list for PBXNativeTarget "XWebViewTests" */ = {
			isa = XCConfigurationList;
			buildConfigurations = (
				AB023EA91A8C506600580A2A /* Debug */,
				AB023EAA1A8C506600580A2A /* Release */,
			);
			defaultConfigurationIsVisible = 0;
			defaultConfigurationName = Release;
		};
		EE62682F19FA323900EFC3F8 /* Build configuration list for PBXProject "XWebView" */ = {
			isa = XCConfigurationList;
			buildConfigurations = (
				EE62684919FA323900EFC3F8 /* Debug */,
				EE62684A19FA323900EFC3F8 /* Release */,
			);
			defaultConfigurationIsVisible = 0;
			defaultConfigurationName = Release;
		};
		EE62684B19FA323900EFC3F8 /* Build configuration list for PBXNativeTarget "XWebView" */ = {
			isa = XCConfigurationList;
			buildConfigurations = (
				EE62684C19FA323900EFC3F8 /* Debug */,
				EE62684D19FA323900EFC3F8 /* Release */,
			);
			defaultConfigurationIsVisible = 0;
			defaultConfigurationName = Release;
		};
/* End XCConfigurationList section */
	};
	rootObject = EE62682C19FA323900EFC3F8 /* Project object */;
}
